{
  "name": "adeptinfo",
  "version": "1.0.1",
  "lockfileVersion": 1,
  "requires": true,
  "dependencies": {
    "animate.css": {
      "version": "3.7.2",
      "resolved": "https://registry.npmjs.org/animate.css/-/animate.css-3.7.2.tgz",
      "integrity": "sha512-0bE8zYo7C0KvgOYrSVfrzkbYk6IOTVPNqkiHg2cbyF4Pq/PXzilz4BRWA3hwEUBoMp5VBgrC29lQIZyhRWdBTw=="
    },
    "bootstrap": {
      "version": "4.3.1",
      "resolved": "https://registry.npmjs.org/bootstrap/-/bootstrap-4.3.1.tgz",
      "integrity": "sha512-rXqOmH1VilAt2DyPzluTi2blhk17bO7ef+zLLPlWvG494pDxcM234pJ8wTc/6R40UWizAIIMgxjvxZg5kmsbag=="
    },
    "counterup2": {
      "version": "1.0.4",
      "resolved": "https://registry.npmjs.org/counterup2/-/counterup2-1.0.4.tgz",
      "integrity": "sha512-OXPt4cFxxC6g9J9r59cIwsZfTkXaR8eMVxUY2P6yviFclsx3QRbYtfqwtCb0a/Dz2y2ATy7hnpV4Y1LQsfurwQ=="
    },
    "desandro-matches-selector": {
      "version": "2.0.2",
      "resolved": "https://registry.npmjs.org/desandro-matches-selector/-/desandro-matches-selector-2.0.2.tgz",
      "integrity": "sha1-cXvu1NwT59jzdi9wem1YpndCGOE="
    },
    "ev-emitter": {
      "version": "1.1.1",
      "resolved": "https://registry.npmjs.org/ev-emitter/-/ev-emitter-1.1.1.tgz",
      "integrity": "sha512-ipiDYhdQSCZ4hSbX4rMW+XzNKMD1prg/sTvoVmSLkuQ1MVlwjJQQA+sW8tMYR3BLUr9KjodFV4pvzunvRhd33Q=="
    },
    "fizzy-ui-utils": {
      "version": "2.0.7",
      "resolved": "https://registry.npmjs.org/fizzy-ui-utils/-/fizzy-ui-utils-2.0.7.tgz",
      "integrity": "sha512-CZXDVXQ1If3/r8s0T+v+qVeMshhfcuq0rqIFgJnrtd+Bu8GmDmqMjntjUePypVtjHXKJ6V4sw9zeyox34n9aCg==",
      "requires": {
        "desandro-matches-selector": "^2.0.0"
      }
    },
    "font-awesome": {
      "version": "4.7.0",
      "resolved": "https://registry.npmjs.org/font-awesome/-/font-awesome-4.7.0.tgz",
      "integrity": "sha1-j6jPBBGhoxr9B7BtKQK7n8gVoTM="
    },
    "get-size": {
      "version": "2.0.3",
      "resolved": "https://registry.npmjs.org/get-size/-/get-size-2.0.3.tgz",
      "integrity": "sha512-lXNzT/h/dTjTxRbm9BXb+SGxxzkm97h/PCIKtlN/CBCxxmkkIVV21udumMS93MuVTDX583gqc94v3RjuHmI+2Q=="
    },
    "ionicons": {
      "version": "2.0.1",
      "resolved": "https://registry.npmjs.org/ionicons/-/ionicons-2.0.1.tgz",
      "integrity": "sha1-yjmBEyk+qHAkT1OPCqu9S1sgmj4="
    },
    "isotope-layout": {
      "version": "3.0.6",
      "resolved": "https://registry.npmjs.org/isotope-layout/-/isotope-layout-3.0.6.tgz",
      "integrity": "sha512-z2ZKablhocXhoNyWwzJPFd7u7FWbYbVJA51Nvsqsod8jH2ExGc1SwDsSWKE54e3PhXzqf2yZPhFSq/c2MR1arw==",
      "requires": {
        "desandro-matches-selector": "^2.0.0",
        "fizzy-ui-utils": "^2.0.4",
        "get-size": "^2.0.0",
        "masonry-layout": "^4.1.0",
        "outlayer": "^2.1.0"
      }
    },
    "jquery": {
      "version": "3.4.1",
      "resolved": "https://registry.npmjs.org/jquery/-/jquery-3.4.1.tgz",
      "integrity": "sha512-36+AdBzCL+y6qjw5Tx7HgzeGCzC81MDDgaUP8ld2zhx58HdqXGoBd+tHdrBMiyjGQs0Hxs/MLZTu/eHNJJuWPw=="
    },
    "jquery-migrate": {
      "version": "3.1.0",
      "resolved": "https://registry.npmjs.org/jquery-migrate/-/jquery-migrate-3.1.0.tgz",
      "integrity": "sha512-u/MtE1ST2pCr3rCyouJG2xMiw/k3OzLNeRKprjKTeHUezCGr0DyEgeXFdqFLmQfxfR5EsVu+mGo/sCcYdiYcIQ=="
    },
    "jquery-touchswipe": {
      "version": "1.6.19",
      "resolved": "https://registry.npmjs.org/jquery-touchswipe/-/jquery-touchswipe-1.6.19.tgz",
      "integrity": "sha512-b0BGje9reNRU3u6ksAK9QqnX7yBRgLNe/wYG7DOfyDlhBlYjayIT8bSOHmcuvptIDW/ubM9CTW/mnZf9Rohuow=="
    },
    "jquery.easing": {
      "version": "1.4.1",
      "resolved": "https://registry.npmjs.org/jquery.easing/-/jquery.easing-1.4.1.tgz",
      "integrity": "sha1-R5gsWDa9dY/UhJSSPEoQHvbpPjs="
    },
    "lightbox2": {
      "version": "2.11.1",
      "resolved": "https://registry.npmjs.org/lightbox2/-/lightbox2-2.11.1.tgz",
      "integrity": "sha512-24vsIspqtcnkVlh6XgGK+vHm9tUc2/x4tNpAQdEAbafIrTk4fzVgozcIX7ExUG0TAlhsE7VMtWc+WD5Sb7PiXA=="
    },
    "masonry-layout": {
      "version": "4.2.2",
      "resolved": "https://registry.npmjs.org/masonry-layout/-/masonry-layout-4.2.2.tgz",
      "integrity": "sha512-iGtAlrpHNyxaR19CvKC3npnEcAwszXoyJiI8ARV2ePi7fmYhIud25MHK8Zx4P0LCC4d3TNO9+rFa1KoK1OEOaA==",
      "requires": {
        "get-size": "^2.0.2",
        "outlayer": "^2.1.0"
      }
    },
    "outlayer": {
      "version": "2.1.1",
      "resolved": "https://registry.npmjs.org/outlayer/-/outlayer-2.1.1.tgz",
      "integrity": "sha1-KYY7beEOpdrf/8rfoNcokHOH6aI=",
      "requires": {
        "ev-emitter": "^1.0.0",
        "fizzy-ui-utils": "^2.0.0",
        "get-size": "^2.0.2"
      }
    },
    "owl.carousel": {
      "version": "2.3.4",
      "resolved": "https://registry.npmjs.org/owl.carousel/-/owl.carousel-2.3.4.tgz",
      "integrity": "sha512-JaDss9+feAvEW8KZppPSpllfposEzQiW+Ytt/Xm5t/3CTJ7YVmkh6RkWixoA2yXk2boIwedYxOvrrppIGzru9A==",
      "requires": {
        "jquery": ">=1.8.3"
      }
    },
    "popper.js": {
      "version": "1.15.0",
      "resolved": "https://registry.npmjs.org/popper.js/-/popper.js-1.15.0.tgz",
      "integrity": "sha512-w010cY1oCUmI+9KwwlWki+r5jxKfTFDVoadl7MSrIujHU5MJ5OR6HTDj6Xo8aoR/QsA56x8jKjA59qGH4ELtrA=="
    },
    "superfish": {
      "version": "1.7.10",
      "resolved": "https://registry.npmjs.org/superfish/-/superfish-1.7.10.tgz",
      "integrity": "sha512-4O2ySFEtu9AEmYy4gkRl2ifHPwzR1RSQBTpFedpR2nv8qxhx3lEdotHvxKGApHdjmffJuB/Oj5wflHJh1bnMIw==",
      "requires": {
        "jquery": ">=1.8"
      }
    },
    "waypoints": {
      "version": "4.0.1",
      "resolved": "https://registry.npmjs.org/waypoints/-/waypoints-4.0.1.tgz",
      "integrity": "sha1-CZeaBXOBCylifLpDZqKEoGLsacg="
    },
    "wow.js": {
      "version": "1.2.2",
      "resolved": "https://registry.npmjs.org/wow.js/-/wow.js-1.2.2.tgz",
      "integrity": "sha1-JHUZsKNCMZsaY+Iq6prOwanqV/U="
    }
  }
}
